// !$*UTF8*$!
{
	archiveVersion = 1;
	classes = {
	};
	objectVersion = 46;
	objects = {

/* Begin PBXBuildFile section */
		A8F30ED9197E6E2900565455 /* Foundation.framework in Frameworks */ = {isa = PBXBuildFile; fileRef = A8F30ED8197E6E2900565455 /* Foundation.framework */; };
		A8F30EDB197E6E2900565455 /* CoreGraphics.framework in Frameworks */ = {isa = PBXBuildFile; fileRef = A8F30EDA197E6E2900565455 /* CoreGraphics.framework */; };
		A8F30EDD197E6E2900565455 /* UIKit.framework in Frameworks */ = {isa = PBXBuildFile; fileRef = A8F30EDC197E6E2900565455 /* UIKit.framework */; };
		A8F30EE3197E6E2900565455 /* InfoPlist.strings in Resources */ = {isa = PBXBuildFile; fileRef = A8F30EE1197E6E2900565455 /* InfoPlist.strings */; };
		A8F30EE5197E6E2900565455 /* main.m in Sources */ = {isa = PBXBuildFile; fileRef = A8F30EE4197E6E2900565455 /* main.m */; };
		A8F30EE9197E6E2900565455 /* BIDAppDelegate.m in Sources */ = {isa = PBXBuildFile; fileRef = A8F30EE8197E6E2900565455 /* BIDAppDelegate.m */; };
		A8F30EEC197E6E2900565455 /* Main.storyboard in Resources */ = {isa = PBXBuildFile; fileRef = A8F30EEA197E6E2900565455 /* Main.storyboard */; };
		A8F30EEF197E6E2900565455 /* BIDViewController.m in Sources */ = {isa = PBXBuildFile; fileRef = A8F30EEE197E6E2900565455 /* BIDViewController.m */; };
		A8F30EF1197E6E2900565455 /* Images.xcassets in Resources */ = {isa = PBXBuildFile; fileRef = A8F30EF0197E6E2900565455 /* Images.xcassets */; };
		A8F30EF8197E6E2900565455 /* XCTest.framework in Frameworks */ = {isa = PBXBuildFile; fileRef = A8F30EF7197E6E2900565455 /* XCTest.framework */; };
		A8F30EF9197E6E2900565455 /* Foundation.framework in Frameworks */ = {isa = PBXBuildFile; fileRef = A8F30ED8197E6E2900565455 /* Foundation.framework */; };
		A8F30EFA197E6E2900565455 /* UIKit.framework in Frameworks */ = {isa = PBXBuildFile; fileRef = A8F30EDC197E6E2900565455 /* UIKit.framework */; };
		A8F30F02197E6E2900565455 /* InfoPlist.strings in Resources */ = {isa = PBXBuildFile; fileRef = A8F30F00197E6E2900565455 /* InfoPlist.strings */; };
		A8F30F04197E6E2900565455 /* Button_FunTests.m in Sources */ = {isa = PBXBuildFile; fileRef = A8F30F03197E6E2900565455 /* Button_FunTests.m */; };
/* End PBXBuildFile section */

/* Begin PBXContainerItemProxy section */
		A8F30EFB197E6E2900565455 /* PBXContainerItemProxy */ = {
			isa = PBXContainerItemProxy;
			containerPortal = A8F30ECD197E6E2900565455 /* Project object */;
			proxyType = 1;
			remoteGlobalIDString = A8F30ED4197E6E2900565455;
			remoteInfo = "Button Fun";
		};
/* End PBXContainerItemProxy section */

/* Begin PBXFileReference section */
		A8F30ED5197E6E2900565455 /* Button Fun.app */ = {isa = PBXFileReference; explicitFileType = wrapper.application; includeInIndex = 0; path = "Button Fun.app"; sourceTree = BUILT_PRODUCTS_DIR; };
		A8F30ED8197E6E2900565455 /* Foundation.framework */ = {isa = PBXFileReference; lastKnownFileType = wrapper.framework; name = Foundation.framework; path = System/Library/Frameworks/Foundation.framework; sourceTree = SDKROOT; };
		A8F30EDA197E6E2900565455 /* CoreGraphics.framework */ = {isa = PBXFileReference; lastKnownFileType = wrapper.framework; name = CoreGraphics.framework; path = System/Library/Frameworks/CoreGraphics.framework; sourceTree = SDKROOT; };
		A8F30EDC197E6E2900565455 /* UIKit.framework */ = {isa = PBXFileReference; lastKnownFileType = wrapper.framework; name = UIKit.framework; path = System/Library/Frameworks/UIKit.framework; sourceTree = SDKROOT; };
		A8F30EE0197E6E2900565455 /* Button Fun-Info.plist */ = {isa = PBXFileReference; lastKnownFileType = text.plist.xml; path = "Button Fun-Info.plist"; sourceTree = "<group>"; };
		A8F30EE2197E6E2900565455 /* en */ = {isa = PBXFileReference; lastKnownFileType = text.plist.strings; name = en; path = en.lproj/InfoPlist.strings; sourceTree = "<group>"; };
		A8F30EE4197E6E2900565455 /* main.m */ = {isa = PBXFileReference; lastKnownFileType = sourcecode.c.objc; path = main.m; sourceTree = "<group>"; };
		A8F30EE6197E6E2900565455 /* Button Fun-Prefix.pch */ = {isa = PBXFileReference; lastKnownFileType = sourcecode.c.h; path = "Button Fun-Prefix.pch"; sourceTree = "<group>"; };
		A8F30EE7197E6E2900565455 /* BIDAppDelegate.h */ = {isa = PBXFileReference; lastKnownFileType = sourcecode.c.h; path = BIDAppDelegate.h; sourceTree = "<group>"; };
		A8F30EE8197E6E2900565455 /* BIDAppDelegate.m */ = {isa = PBXFileReference; lastKnownFileType = sourcecode.c.objc; path = BIDAppDelegate.m; sourceTree = "<group>"; };
		A8F30EEB197E6E2900565455 /* Base */ = {isa = PBXFileReference; lastKnownFileType = file.storyboard; name = Base; path = Base.lproj/Main.storyboard; sourceTree = "<group>"; };
		A8F30EED197E6E2900565455 /* BIDViewController.h */ = {isa = PBXFileReference; lastKnownFileType = sourcecode.c.h; path = BIDViewController.h; sourceTree = "<group>"; };
		A8F30EEE197E6E2900565455 /* BIDViewController.m */ = {isa = PBXFileReference; lastKnownFileType = sourcecode.c.objc; path = BIDViewController.m; sourceTree = "<group>"; };
		A8F30EF0197E6E2900565455 /* Images.xcassets */ = {isa = PBXFileReference; lastKnownFileType = folder.assetcatalog; path = Images.xcassets; sourceTree = "<group>"; };
		A8F30EF6197E6E2900565455 /* Button FunTests.xctest */ = {isa = PBXFileReference; explicitFileType = wrapper.cfbundle; includeInIndex = 0; path = "Button FunTests.xctest"; sourceTree = BUILT_PRODUCTS_DIR; };
		A8F30EF7197E6E2900565455 /* XCTest.framework */ = {isa = PBXFileReference; lastKnownFileType = wrapper.framework; name = XCTest.framework; path = Library/Frameworks/XCTest.framework; sourceTree = DEVELOPER_DIR; };
		A8F30EFF197E6E2900565455 /* Button FunTests-Info.plist */ = {isa = PBXFileReference; lastKnownFileType = text.plist.xml; path = "Button FunTests-Info.plist"; sourceTree = "<group>"; };
		A8F30F01197E6E2900565455 /* en */ = {isa = PBXFileReference; lastKnownFileType = text.plist.strings; name = en; path = en.lproj/InfoPlist.strings; sourceTree = "<group>"; };
		A8F30F03197E6E2900565455 /* Button_FunTests.m */ = {isa = PBXFileReference; lastKnownFileType = sourcecode.c.objc; path = Button_FunTests.m; sourceTree = "<group>"; };
/* End PBXFileReference section */

/* Begin PBXFrameworksBuildPhase section */
		A8F30ED2197E6E2900565455 /* Frameworks */ = {
			isa = PBXFrameworksBuildPhase;
			buildActionMask = 2147483647;
			files = (
				A8F30EDB197E6E2900565455 /* CoreGraphics.framework in Frameworks */,
				A8F30EDD197E6E2900565455 /* UIKit.framework in Frameworks */,
				A8F30ED9197E6E2900565455 /* Foundation.framework in Frameworks */,
			);
			runOnlyForDeploymentPostprocessing = 0;
		};
		A8F30EF3197E6E2900565455 /* Frameworks */ = {
			isa = PBXFrameworksBuildPhase;
			buildActionMask = 2147483647;
			files = (
				A8F30EF8197E6E2900565455 /* XCTest.framework in Frameworks */,
				A8F30EFA197E6E2900565455 /* UIKit.framework in Frameworks */,
				A8F30EF9197E6E2900565455 /* Foundation.framework in Frameworks */,
			);
			runOnlyForDeploymentPostprocessing = 0;
		};
/* End PBXFrameworksBuildPhase section */

/* Begin PBXGroup section */
		A8F30ECC197E6E2900565455 = {
			isa = PBXGroup;
			children = (
				A8F30EDE197E6E2900565455 /* Button Fun */,
				A8F30EFD197E6E2900565455 /* Button FunTests */,
				A8F30ED7197E6E2900565455 /* Frameworks */,
				A8F30ED6197E6E2900565455 /* Products */,
			);
			sourceTree = "<group>";
		};
		A8F30ED6197E6E2900565455 /* Products */ = {
			isa = PBXGroup;
			children = (
				A8F30ED5197E6E2900565455 /* Button Fun.app */,
				A8F30EF6197E6E2900565455 /* Button FunTests.xctest */,
			);
			name = Products;
			sourceTree = "<group>";
		};
		A8F30ED7197E6E2900565455 /* Frameworks */ = {
			isa = PBXGroup;
			children = (
				A8F30ED8197E6E2900565455 /* Foundation.framework */,
				A8F30EDA197E6E2900565455 /* CoreGraphics.framework */,
				A8F30EDC197E6E2900565455 /* UIKit.framework */,
				A8F30EF7197E6E2900565455 /* XCTest.framework */,
			);
			name = Frameworks;
			sourceTree = "<group>";
		};
		A8F30EDE197E6E2900565455 /* Button Fun */ = {
			isa = PBXGroup;
			children = (
				A8F30EE7197E6E2900565455 /* BIDAppDelegate.h */,
				A8F30EE8197E6E2900565455 /* BIDAppDelegate.m */,
				A8F30EEA197E6E2900565455 /* Main.storyboard */,
				A8F30EED197E6E2900565455 /* BIDViewController.h */,
				A8F30EEE197E6E2900565455 /* BIDViewController.m */,
				A8F30EF0197E6E2900565455 /* Images.xcassets */,
				A8F30EDF197E6E2900565455 /* Supporting Files */,
			);
			path = "Button Fun";
			sourceTree = "<group>";
		};
		A8F30EDF197E6E2900565455 /* Supporting Files */ = {
			isa = PBXGroup;
			children = (
				A8F30EE0197E6E2900565455 /* Button Fun-Info.plist */,
				A8F30EE1197E6E2900565455 /* InfoPlist.strings */,
				A8F30EE4197E6E2900565455 /* main.m */,
				A8F30EE6197E6E2900565455 /* Button Fun-Prefix.pch */,
			);
			name = "Supporting Files";
			sourceTree = "<group>";
		};
		A8F30EFD197E6E2900565455 /* Button FunTests */ = {
			isa = PBXGroup;
			children = (
				A8F30F03197E6E2900565455 /* Button_FunTests.m */,
				A8F30EFE197E6E2900565455 /* Supporting Files */,
			);
			path = "Button FunTests";
			sourceTree = "<group>";
		};
		A8F30EFE197E6E2900565455 /* Supporting Files */ = {
			isa = PBXGroup;
			children = (
				A8F30EFF197E6E2900565455 /* Button FunTests-Info.plist */,
				A8F30F00197E6E2900565455 /* InfoPlist.strings */,
			);
			name = "Supporting Files";
			sourceTree = "<group>";
		};
/* End PBXGroup section */

/* Begin PBXNativeTarget section */
		A8F30ED4197E6E2900565455 /* Button Fun */ = {
			isa = PBXNativeTarget;
			buildConfigurationList = A8F30F07197E6E2900565455 /* Build configuration list for PBXNativeTarget "Button Fun" */;
			buildPhases = (
				A8F30ED1197E6E2900565455 /* Sources */,
				A8F30ED2197E6E2900565455 /* Frameworks */,
				A8F30ED3197E6E2900565455 /* Resources */,
			);
			buildRules = (
			);
			dependencies = (
			);
			name = "Button Fun";
			productName = "Button Fun";
			productReference = A8F30ED5197E6E2900565455 /* Button Fun.app */;
			productType = "com.apple.product-type.application";
		};
		A8F30EF5197E6E2900565455 /* Button FunTests */ = {
			isa = PBXNativeTarget;
			buildConfigurationList = A8F30F0A197E6E2900565455 /* Build configuration list for PBXNativeTarget "Button FunTests" */;
			buildPhases = (
				A8F30EF2197E6E2900565455 /* Sources */,
				A8F30EF3197E6E2900565455 /* Frameworks */,
				A8F30EF4197E6E2900565455 /* Resources */,
			);
			buildRules = (
			);
			dependencies = (
				A8F30EFC197E6E2900565455 /* PBXTargetDependency */,
			);
			name = "Button FunTests";
			productName = "Button FunTests";
			productReference = A8F30EF6197E6E2900565455 /* Button FunTests.xctest */;
			productType = "com.apple.product-type.bundle.unit-test";
		};
/* End PBXNativeTarget section */

/* Begin PBXProject section */
		A8F30ECD197E6E2900565455 /* Project object */ = {
			isa = PBXProject;
			attributes = {
				CLASSPREFIX = BID;
				LastUpgradeCheck = 0510;
				ORGANIZATIONNAME = "___FULLUSERNAME___";
				TargetAttributes = {
					A8F30EF5197E6E2900565455 = {
						TestTargetID = A8F30ED4197E6E2900565455;
					};
				};
			};
			buildConfigurationList = A8F30ED0197E6E2900565455 /* Build configuration list for PBXProject "Button Fun" */;
			compatibilityVersion = "Xcode 3.2";
			developmentRegion = English;
			hasScannedForEncodings = 0;
			knownRegions = (
				en,
				Base,
			);
			mainGroup = A8F30ECC197E6E2900565455;
			productRefGroup = A8F30ED6197E6E2900565455 /* Products */;
			projectDirPath = "";
			projectRoot = "";
			targets = (
				A8F30ED4197E6E2900565455 /* Button Fun */,
				A8F30EF5197E6E2900565455 /* Button FunTests */,
			);
		};
/* End PBXProject section */

/* Begin PBXResourcesBuildPhase section */
		A8F30ED3197E6E2900565455 /* Resources */ = {
			isa = PBXResourcesBuildPhase;
			buildActionMask = 2147483647;
			files = (
				A8F30EF1197E6E2900565455 /* Images.xcassets in Resources */,
				A8F30EE3197E6E2900565455 /* InfoPlist.strings in Resources */,
				A8F30EEC197E6E2900565455 /* Main.storyboard in Resources */,
			);
			runOnlyForDeploymentPostprocessing = 0;
		};
		A8F30EF4197E6E2900565455 /* Resources */ = {
			isa = PBXResourcesBuildPhase;
			buildActionMask = 2147483647;
			files = (
				A8F30F02197E6E2900565455 /* InfoPlist.strings in Resources */,
			);
			runOnlyForDeploymentPostprocessing = 0;
		};
/* End PBXResourcesBuildPhase section */

/* Begin PBXSourcesBuildPhase section */
		A8F30ED1197E6E2900565455 /* Sources */ = {
			isa = PBXSourcesBuildPhase;
			buildActionMask = 2147483647;
			files = (
				A8F30EE9197E6E2900565455 /* BIDAppDelegate.m in Sources */,
				A8F30EEF197E6E2900565455 /* BIDViewController.m in Sources */,
				A8F30EE5197E6E2900565455 /* main.m in Sources */,
			);
			runOnlyForDeploymentPostprocessing = 0;
		};
		A8F30EF2197E6E2900565455 /* Sources */ = {
			isa = PBXSourcesBuildPhase;
			buildActionMask = 2147483647;
			files = (
				A8F30F04197E6E2900565455 /* Button_FunTests.m in Sources */,
			);
			runOnlyForDeploymentPostprocessing = 0;
		};
/* End PBXSourcesBuildPhase section */

/* Begin PBXTargetDependency section */
		A8F30EFC197E6E2900565455 /* PBXTargetDependency */ = {
			isa = PBXTargetDependency;
			target = A8F30ED4197E6E2900565455 /* Button Fun */;
			targetProxy = A8F30EFB197E6E2900565455 /* PBXContainerItemProxy */;
		};
/* End PBXTargetDependency section */

/* Begin PBXVariantGroup section */
		A8F30EE1197E6E2900565455 /* InfoPlist.strings */ = {
			isa = PBXVariantGroup;
			children = (
				A8F30EE2197E6E2900565455 /* en */,
			);
			name = InfoPlist.strings;
			sourceTree = "<group>";
		};
		A8F30EEA197E6E2900565455 /* Main.storyboard */ = {
			isa = PBXVariantGroup;
			children = (
				A8F30EEB197E6E2900565455 /* Base */,
			);
			name = Main.storyboard;
			sourceTree = "<group>";
		};
		A8F30F00197E6E2900565455 /* InfoPlist.strings */ = {
			isa = PBXVariantGroup;
			children = (
				A8F30F01197E6E2900565455 /* en */,
			);
			name = InfoPlist.strings;
			sourceTree = "<group>";
		};
/* End PBXVariantGroup section */

/* Begin XCBuildConfiguration section */
		A8F30F05197E6E2900565455 /* Debug */ = {
			isa = XCBuildConfiguration;
			buildSettings = {
				ALWAYS_SEARCH_USER_PATHS = NO;
				CLANG_CXX_LANGUAGE_STANDARD = "gnu++0x";
				CLANG_CXX_LIBRARY = "libc++";
				CLANG_ENABLE_MODULES = YES;
				CLANG_ENABLE_OBJC_ARC = YES;
				CLANG_WARN_BOOL_CONVERSION = YES;
				CLANG_WARN_CONSTANT_CONVERSION = YES;
				CLANG_WARN_DIRECT_OBJC_ISA_USAGE = YES_ERROR;
				CLANG_WARN_EMPTY_BODY = YES;
				CLANG_WARN_ENUM_CONVERSION = YES;
				CLANG_WARN_INT_CONVERSION = YES;
				CLANG_WARN_OBJC_ROOT_CLASS = YES_ERROR;
				CLANG_WARN__DUPLICATE_METHOD_MATCH = YES;
				"CODE_SIGN_IDENTITY[sdk=iphoneos*]" = "iPhone Developer";
				COPY_PHASE_STRIP = NO;
				GCC_C_LANGUAGE_STANDARD = gnu99;
				GCC_DYNAMIC_NO_PIC = NO;
				GCC_OPTIMIZATION_LEVEL = 0;
				GCC_PREPROCESSOR_DEFINITIONS = (
					"DEBUG=1",
					"$(inherited)",
				);
				GCC_SYMBOLS_PRIVATE_EXTERN = NO;
				GCC_WARN_64_TO_32_BIT_CONVERSION = YES;
				GCC_WARN_ABOUT_RETURN_TYPE = YES_ERROR;
				GCC_WARN_UNDECLARED_SELECTOR = YES;
				GCC_WARN_UNINITIALIZED_AUTOS = YES_AGGRESSIVE;
				GCC_WARN_UNUSED_FUNCTION = YES;
				GCC_WARN_UNUSED_VARIABLE = YES;
				IPHONEOS_DEPLOYMENT_TARGET = 7.1;
				ONLY_ACTIVE_ARCH = YES;
				SDKROOT = iphoneos;
			};
			name = Debug;
		};
		A8F30F06197E6E2900565455 /* Release */ = {
			isa = XCBuildConfiguration;
			buildSettings = {
				ALWAYS_SEARCH_USER_PATHS = NO;
				CLANG_CXX_LANGUAGE_STANDARD = "gnu++0x";
				CLANG_CXX_LIBRARY = "libc++";
				CLANG_ENABLE_MODULES = YES;
				CLANG_ENABLE_OBJC_ARC = YES;
				CLANG_WARN_BOOL_CONVERSION = YES;
				CLANG_WARN_CONSTANT_CONVERSION = YES;
				CLANG_WARN_DIRECT_OBJC_ISA_USAGE = YES_ERROR;
				CLANG_WARN_EMPTY_BODY = YES;
				CLANG_WARN_ENUM_CONVERSION = YES;
				CLANG_WARN_INT_CONVERSION = YES;
				CLANG_WARN_OBJC_ROOT_CLASS = YES_ERROR;
				CLANG_WARN__DUPLICATE_METHOD_MATCH = YES;
				"CODE_SIGN_IDENTITY[sdk=iphoneos*]" = "iPhone Developer";
				COPY_PHASE_STRIP = YES;
				ENABLE_NS_ASSERTIONS = NO;
				GCC_C_LANGUAGE_STANDARD = gnu99;
				GCC_WARN_64_TO_32_BIT_CONVERSION = YES;
				GCC_WARN_ABOUT_RETURN_TYPE = YES_ERROR;
				GCC_WARN_UNDECLARED_SELECTOR = YES;
				GCC_WARN_UNINITIALIZED_AUTOS = YES_AGGRESSIVE;
				GCC_WARN_UNUSED_FUNCTION = YES;
				GCC_WARN_UNUSED_VARIABLE = YES;
				IPHONEOS_DEPLOYMENT_TARGET = 7.1;
				SDKROOT = iphoneos;
				VALIDATE_PRODUCT = YES;
			};
			name = Release;
		};
		A8F30F08197E6E2900565455 /* Debug */ = {
			isa = XCBuildConfiguration;
			buildSettings = {
				ASSETCATALOG_COMPILER_APPICON_NAME = AppIcon;
				ASSETCATALOG_COMPILER_LAUNCHIMAGE_NAME = LaunchImage;
				GCC_PRECOMPILE_PREFIX_HEADER = YES;
				GCC_PREFIX_HEADER = "Button Fun/Button Fun-Prefix.pch";
				INFOPLIST_FILE = "Button Fun/Button Fun-Info.plist";
				PRODUCT_NAME = "$(TARGET_NAME)";
				WRAPPER_EXTENSION = app;
			};
			name = Debug;
		};
		A8F30F09197E6E2900565455 /* Release */ = {
			isa = XCBuildConfiguration;
			buildSettings = {
				ASSETCATALOG_COMPILER_APPICON_NAME = AppIcon;
				ASSETCATALOG_COMPILER_LAUNCHIMAGE_NAME = LaunchImage;
				GCC_PRECOMPILE_PREFIX_HEADER = YES;
				GCC_PREFIX_HEADER = "Button Fun/Button Fun-Prefix.pch";
				INFOPLIST_FILE = "Button Fun/Button Fun-Info.plist";
				PRODUCT_NAME = "$(TARGET_NAME)";
				WRAPPER_EXTENSION = app;
			};
			name = Release;
		};
		A8F30F0B197E6E2900565455 /* Debug */ = {
			isa = XCBuildConfiguration;
			buildSettings = {
				BUNDLE_LOADER = "$(BUILT_PRODUCTS_DIR)/Button Fun.app/Button Fun";
				FRAMEWORK_SEARCH_PATHS = (
					"$(SDKROOT)/Developer/Library/Frameworks",
					"$(inherited)",
					"$(DEVELOPER_FRAMEWORKS_DIR)",
				);
				GCC_PRECOMPILE_PREFIX_HEADER = YES;
				GCC_PREFIX_HEADER = "Button Fun/Button Fun-Prefix.pch";
				GCC_PREPROCESSOR_DEFINITIONS = (
					"DEBUG=1",
					"$(inherited)",
				);
				INFOPLIST_FILE = "Button FunTests/Button FunTests-Info.plist";
				PRODUCT_NAME = "$(TARGET_NAME)";
				TEST_HOST = "$(BUNDLE_LOADER)";
				WRAPPER_EXTENSION = xctest;
			};
			name = Debug;
		};
		A8F30F0C197E6E2900565455 /* Release */ = {
			isa = XCBuildConfiguration;
			buildSettings = {
				BUNDLE_LOADER = "$(BUILT_PRODUCTS_DIR)/Button Fun.app/Button Fun";
				FRAMEWORK_SEARCH_PATHS = (
					"$(SDKROOT)/Developer/Library/Frameworks",
					"$(inherited)",
					"$(DEVELOPER_FRAMEWORKS_DIR)",
				);
				GCC_PRECOMPILE_PREFIX_HEADER = YES;
				GCC_PREFIX_HEADER = "Button Fun/Button Fun-Prefix.pch";
				INFOPLIST_FILE = "Button FunTests/Button FunTests-Info.plist";
				PRODUCT_NAME = "$(TARGET_NAME)";
				TEST_HOST = "$(BUNDLE_LOADER)";
				WRAPPER_EXTENSION = xctest;
			};
			name = Release;
		};
/* End XCBuildConfiguration section */

/* Begin XCConfigurationList section */
		A8F30ED0197E6E2900565455 /* Build configuration list for PBXProject "Button Fun" */ = {
			isa = XCConfigurationList;
			buildConfigurations = (
				A8F30F05197E6E2900565455 /* Debug */,
				A8F30F06197E6E2900565455 /* Release */,
			);
			defaultConfigurationIsVisible = 0;
			defaultConfigurationName = Release;
		};
		A8F30F07197E6E2900565455 /* Build configuration list for PBXNativeTarget "Button Fun" */ = {
			isa = XCConfigurationList;
			buildConfigurations = (
				A8F30F08197E6E2900565455 /* Debug */,
				A8F30F09197E6E2900565455 /* Release */,
			);
			defaultConfigurationIsVisible = 0;
		};
		A8F30F0A197E6E2900565455 /* Build configuration list for PBXNativeTarget "Button FunTests" */ = {
			isa = XCConfigurationList;
			buildConfigurations = (
				A8F30F0B197E6E2900565455 /* Debug */,
				A8F30F0C197E6E2900565455 /* Release */,
			);
			defaultConfigurationIsVisible = 0;
		};
/* End XCConfigurationList section */
	};
	rootObject = A8F30ECD197E6E2900565455 /* Project object */;
}
